
Microsoft Visual Studio Solution File, Format Version 12.00
# Visual Studio 15
VisualStudioVersion = 15.0.28307.421
MinimumVisualStudioVersion = 10.0.40219.1
Project("{FAE04EC0-301F-11D3-BF4B-00C04F79EFBC}") = "Task_3_Collections", "Task_3_Collections\Task_3_Collections.csproj", "{4620792E-FDFF-4B98-B57E-6AAFEDB48775}"
EndProject
Project("{9A19103F-16F7-4668-BE54-9A1E7A4F7556}") = "NUnitTestCollections", "NUnitTestCollections\NUnitTestCollections.csproj", "{5AF030A7-17DC-4878-9F1A-ACC6B81F0EF8}"
EndProject
Global
	GlobalSection(SolutionConfigurationPlatforms) = preSolution
		Debug|Any CPU = Debug|Any CPU
		Release|Any CPU = Release|Any CPU
	EndGlobalSection
	GlobalSection(ProjectConfigurationPlatforms) = postSolution
		{4620792E-FDFF-4B98-B57E-6AAFEDB48775}.Debug|Any CPU.ActiveCfg = Debug|Any CPU
		{4620792E-FDFF-4B98-B57E-6AAFEDB48775}.Debug|Any CPU.Build.0 = Debug|Any CPU
		{4620792E-FDFF-4B98-B57E-6AAFEDB48775}.Release|Any CPU.ActiveCfg = Release|Any CPU
		{4620792E-FDFF-4B98-B57E-6AAFEDB48775}.Release|Any CPU.Build.0 = Release|Any CPU
		{5AF030A7-17DC-4878-9F1A-ACC6B81F0EF8}.Debug|Any CPU.ActiveCfg = Debug|Any CPU
		{5AF030A7-17DC-4878-9F1A-ACC6B81F0EF8}.Debug|Any CPU.Build.0 = Debug|Any CPU
		{5AF030A7-17DC-4878-9F1A-ACC6B81F0EF8}.Release|Any CPU.ActiveCfg = Release|Any CPU
		{5AF030A7-17DC-4878-9F1A-ACC6B81F0EF8}.Release|Any CPU.Build.0 = Release|Any CPU
	EndGlobalSection
	GlobalSection(SolutionProperties) = preSolution
		HideSolutionNode = FALSE
	EndGlobalSection
	GlobalSection(ExtensibilityGlobals) = postSolution
		SolutionGuid = {58A4B6B5-756A-4631-8D9F-90D63A6361A2}
	EndGlobalSection
EndGlobal
