
Microsoft Visual Studio Solution File, Format Version 12.00
# Visual Studio 15
VisualStudioVersion = 15.0.28307.421
MinimumVisualStudioVersion = 10.0.40219.1
Project("{FAE04EC0-301F-11D3-BF4B-00C04F79EFBC}") = "Task_1_Collections", "Task_1_Collections.csproj", "{237581C9-3F8E-447D-AA59-526D003F9DA8}"
EndProject
Global
	GlobalSection(SolutionConfigurationPlatforms) = preSolution
		Debug|Any CPU = Debug|Any CPU
		Release|Any CPU = Release|Any CPU
	EndGlobalSection
	GlobalSection(ProjectConfigurationPlatforms) = postSolution
		{237581C9-3F8E-447D-AA59-526D003F9DA8}.Debug|Any CPU.ActiveCfg = Debug|Any CPU
		{237581C9-3F8E-447D-AA59-526D003F9DA8}.Debug|Any CPU.Build.0 = Debug|Any CPU
		{237581C9-3F8E-447D-AA59-526D003F9DA8}.Release|Any CPU.ActiveCfg = Release|Any CPU
		{237581C9-3F8E-447D-AA59-526D003F9DA8}.Release|Any CPU.Build.0 = Release|Any CPU
	EndGlobalSection
	GlobalSection(SolutionProperties) = preSolution
		HideSolutionNode = FALSE
	EndGlobalSection
	GlobalSection(ExtensibilityGlobals) = postSolution
		SolutionGuid = {FB73A775-F427-4D1C-9786-7FD5820E5F9F}
	EndGlobalSection
EndGlobal
